
Microsoft Visual Studio Solution File, Format Version 12.00
# Visual Studio Version 16
VisualStudioVersion = 16.0.32228.343
MinimumVisualStudioVersion = 10.0.40219.1
Project("{FAE04EC0-301F-11D3-BF4B-00C04F79EFBC}") = "WebXemPhim", "WebXemPhim\WebXemPhim.csproj", "{38237187-C7C5-4AB6-B73E-261AAD337342}"
EndProject
Global
	GlobalSection(SolutionConfigurationPlatforms) = preSolution
		Debug|Any CPU = Debug|Any CPU
		Release|Any CPU = Release|Any CPU
	EndGlobalSection
	GlobalSection(ProjectConfigurationPlatforms) = postSolution
		{38237187-C7C5-4AB6-B73E-261AAD337342}.Debug|Any CPU.ActiveCfg = Debug|Any CPU
		{38237187-C7C5-4AB6-B73E-261AAD337342}.Debug|Any CPU.Build.0 = Debug|Any CPU
		{38237187-C7C5-4AB6-B73E-261AAD337342}.Release|Any CPU.ActiveCfg = Release|Any CPU
		{38237187-C7C5-4AB6-B73E-261AAD337342}.Release|Any CPU.Build.0 = Release|Any CPU
	EndGlobalSection
	GlobalSection(SolutionProperties) = preSolution
		HideSolutionNode = FALSE
	EndGlobalSection
	GlobalSection(ExtensibilityGlobals) = postSolution
		SolutionGuid = {32FEC5BB-C71A-4722-B00C-D8DE4BA57500}
	EndGlobalSection
EndGlobal
